
Microsoft Visual Studio Solution File, Format Version 12.00
# Visual Studio Version 16
VisualStudioVersion = 16.0.30621.155
MinimumVisualStudioVersion = 10.0.40219.1
Project("{9A19103F-16F7-4668-BE54-9A1E7A4F7556}") = "EfficientIoTDataAcquisitionAndProcessingBasedOnCloudServices", "EfficientIoTDataAcquisitionAndProcessingBasedOnCloudServices.csproj", "{5B690C3A-0D0E-45C3-9193-F2B1B0E069F3}"
EndProject
Global
	GlobalSection(SolutionConfigurationPlatforms) = preSolution
		Debug|Any CPU = Debug|Any CPU
		Release|Any CPU = Release|Any CPU
	EndGlobalSection
	GlobalSection(ProjectConfigurationPlatforms) = postSolution
		{5B690C3A-0D0E-45C3-9193-F2B1B0E069F3}.Debug|Any CPU.ActiveCfg = Debug|Any CPU
		{5B690C3A-0D0E-45C3-9193-F2B1B0E069F3}.Debug|Any CPU.Build.0 = Debug|Any CPU
		{5B690C3A-0D0E-45C3-9193-F2B1B0E069F3}.Release|Any CPU.ActiveCfg = Release|Any CPU
		{5B690C3A-0D0E-45C3-9193-F2B1B0E069F3}.Release|Any CPU.Build.0 = Release|Any CPU
	EndGlobalSection
	GlobalSection(SolutionProperties) = preSolution
		HideSolutionNode = FALSE
	EndGlobalSection
	GlobalSection(ExtensibilityGlobals) = postSolution
		SolutionGuid = {55565CD0-FF64-4255-B53A-10822153CE63}
	EndGlobalSection
EndGlobal
